{
  "version": 2,
  "dependencies": {
    "net10.0": {
      "Microsoft.CodeAnalysis.Analyzers": {
        "type": "Direct",
        "requested": "[5.9.0, )",
        "resolved": "5.9.0",
        "contentHash": "jMNOo+uoBGiWbZ6Wx0dqU93r5WD4P5WnIRZdoz67RP5N09OUetHgAbo4L7hihOH1NHdD2TgW5/l+SP4gQukwww=="
      },
      "Microsoft.CodeAnalysis.CSharp": {
        "type": "Direct",
        "requested": "[5.9.0, )",
        "resolved": "5.9.0",
        "contentHash": "7JGDA0UT1+h7k9ZcA3rF4eFC8+QPq1xyYaXxag4p8r/zzPurEJxvdi7aM+MRL/SfP7XADXpWF/pl/eUYXOq/ww==",
        "dependencies": {
          "Microsoft.CodeAnalysis.Analyzers": "5.9.0-1.26328.17",
          "Microsoft.CodeAnalysis.Common": "[5.9.0]"
        }
      },
      "Microsoft.CodeAnalysis.Common": {
        "type": "Transitive",
        "resolved": "5.9.0",
        "contentHash": "IYaIaUWdIx539AReKZOBEqTskFusZfCh/wFSPilDvCn5Say8MegLw2LONcSIcVy+v3Gzv53qYBspgvBGSErfbQ==",
        "dependencies": {
          "Microsoft.CodeAnalysis.Analyzers": "5.9.0-1.26328.17"
        }
      },
      "Cntryl.Portia.Abstractions": {
        "type": "Project"
      },
      "Cntryl.Portia.AspNetCore": {
        "type": "Project",
        "dependencies": {
          "Cntryl.Portia.Abstractions": "[0.6.2, )",
          "Cntryl.Portia.DependencyInjection": "[0.6.2, )",
          "Microsoft.AspNetCore.OpenApi": "[10.0.12, )",
          "Microsoft.OpenApi": "[2.12.0, )"
        }
      },
      "Cntryl.Portia.AspNetCore.Generators": {
        "type": "Project"
      },
      "Cntryl.Portia.Core": {
        "type": "Project",
        "dependencies": {
          "Cntryl.Portia.Abstractions": "[0.6.2, )"
        }
      },
      "Cntryl.Portia.DependencyInjection": {
        "type": "Project",
        "dependencies": {
          "Cntryl.Portia.Abstractions": "[0.6.2, )",
          "Cntryl.Portia.Core": "[0.6.2, )"
        }
      },
      "Cntryl.Portia.Generators": {
        "type": "Project"
      },
      "Microsoft.AspNetCore.OpenApi": {
        "type": "CentralTransitive",
        "requested": "[10.0.12, )",
        "resolved": "10.0.12",
        "contentHash": "7RnQ/UKn+kK3JDLmTpW+vVqNErWthGPAVAy1aIiBzv4ucQ6g9NFvOJUuT0PHcpvcJxGVxctMxj6t+NESWMrgHQ==",
        "dependencies": {
          "Microsoft.OpenApi": "[2.12.0, 3.0.0)"
        }
      },
      "Microsoft.OpenApi": {
        "type": "CentralTransitive",
        "requested": "[2.12.0, )",
        "resolved": "2.12.0",
        "contentHash": "0xB/be+f6qYOhvQPUrVsLrau+fkowYv6gt9RIkajMhwT7sZnqtcA797yW3bS5kgSje+AQW4xZgyLnW641YFioQ=="
      }
    }
  }
}